// !$*UTF8*$!
{
	archiveVersion = 1;
	classes = {
	};
	objectVersion = 46;
	objects = {

/* Begin PBXBuildFile section */
		276DB6061CB54610000659BD /* AppDelegate.swift in Sources */ = {isa = PBXBuildFile; fileRef = 276DB6051CB54610000659BD /* AppDelegate.swift */; };
		276DB6081CB54610000659BD /* MasterViewController.swift in Sources */ = {isa = PBXBuildFile; fileRef = 276DB6071CB54610000659BD /* MasterViewController.swift */; };
		276DB60A1CB54610000659BD /* DetailViewController.swift in Sources */ = {isa = PBXBuildFile; fileRef = 276DB6091CB54610000659BD /* DetailViewController.swift */; };
		276DB60D1CB54610000659BD /* Main.storyboard in Resources */ = {isa = PBXBuildFile; fileRef = 276DB60B1CB54610000659BD /* Main.storyboard */; };
		276DB60F1CB54610000659BD /* Assets.xcassets in Resources */ = {isa = PBXBuildFile; fileRef = 276DB60E1CB54610000659BD /* Assets.xcassets */; };
		276DB6121CB54610000659BD /* LaunchScreen.storyboard in Resources */ = {isa = PBXBuildFile; fileRef = 276DB6101CB54610000659BD /* LaunchScreen.storyboard */; };
		276DB61D1CB549AA000659BD /* SwiftyJSON.swift in Sources */ = {isa = PBXBuildFile; fileRef = 276DB61C1CB549AA000659BD /* SwiftyJSON.swift */; };
		276DB6201CB551BA000659BD /* Project38.xcdatamodeld in Sources */ = {isa = PBXBuildFile; fileRef = 276DB61E1CB551BA000659BD /* Project38.xcdatamodeld */; };
/* End PBXBuildFile section */

/* Begin PBXFileReference section */
		276DB6021CB54610000659BD /* Project38.app */ = {isa = PBXFileReference; explicitFileType = wrapper.application; includeInIndex = 0; path = Project38.app; sourceTree = BUILT_PRODUCTS_DIR; };
		276DB6051CB54610000659BD /* AppDelegate.swift */ = {isa = PBXFileReference; lastKnownFileType = sourcecode.swift; path = AppDelegate.swift; sourceTree = "<group>"; };
		276DB6071CB54610000659BD /* MasterViewController.swift */ = {isa = PBXFileReference; lastKnownFileType = sourcecode.swift; path = MasterViewController.swift; sourceTree = "<group>"; };
		276DB6091CB54610000659BD /* DetailViewController.swift */ = {isa = PBXFileReference; lastKnownFileType = sourcecode.swift; path = DetailViewController.swift; sourceTree = "<group>"; };
		276DB60C1CB54610000659BD /* Base */ = {isa = PBXFileReference; lastKnownFileType = file.storyboard; name = Base; path = Base.lproj/Main.storyboard; sourceTree = "<group>"; };
		276DB60E1CB54610000659BD /* Assets.xcassets */ = {isa = PBXFileReference; lastKnownFileType = folder.assetcatalog; path = Assets.xcassets; sourceTree = "<group>"; };
		276DB6111CB54610000659BD /* Base */ = {isa = PBXFileReference; lastKnownFileType = file.storyboard; name = Base; path = Base.lproj/LaunchScreen.storyboard; sourceTree = "<group>"; };
		276DB6131CB54610000659BD /* Info.plist */ = {isa = PBXFileReference; lastKnownFileType = text.plist.xml; path = Info.plist; sourceTree = "<group>"; };
		276DB61C1CB549AA000659BD /* SwiftyJSON.swift */ = {isa = PBXFileReference; fileEncoding = 4; lastKnownFileType = sourcecode.swift; path = SwiftyJSON.swift; sourceTree = "<group>"; };
		276DB61F1CB551BA000659BD /* Project38.xcdatamodel */ = {isa = PBXFileReference; lastKnownFileType = wrapper.xcdatamodel; path = Project38.xcdatamodel; sourceTree = "<group>"; };
/* End PBXFileReference section */

/* Begin PBXFrameworksBuildPhase section */
		276DB5FF1CB54610000659BD /* Frameworks */ = {
			isa = PBXFrameworksBuildPhase;
			buildActionMask = 2147483647;
			files = (
			);
			runOnlyForDeploymentPostprocessing = 0;
		};
/* End PBXFrameworksBuildPhase section */

/* Begin PBXGroup section */
		276DB5F91CB54610000659BD = {
			isa = PBXGroup;
			children = (
				276DB6041CB54610000659BD /* Project38 */,
				276DB6031CB54610000659BD /* Products */,
			);
			sourceTree = "<group>";
		};
		276DB6031CB54610000659BD /* Products */ = {
			isa = PBXGroup;
			children = (
				276DB6021CB54610000659BD /* Project38.app */,
			);
			name = Products;
			sourceTree = "<group>";
		};
		276DB6041CB54610000659BD /* Project38 */ = {
			isa = PBXGroup;
			children = (
				276DB6051CB54610000659BD /* AppDelegate.swift */,
				276DB6071CB54610000659BD /* MasterViewController.swift */,
				276DB61E1CB551BA000659BD /* Project38.xcdatamodeld */,
				276DB6091CB54610000659BD /* DetailViewController.swift */,
				276DB60B1CB54610000659BD /* Main.storyboard */,
				276DB60E1CB54610000659BD /* Assets.xcassets */,
				276DB6101CB54610000659BD /* LaunchScreen.storyboard */,
				276DB6131CB54610000659BD /* Info.plist */,
				276DB61C1CB549AA000659BD /* SwiftyJSON.swift */,
			);
			path = Project38;
			sourceTree = "<group>";
		};
/* End PBXGroup section */

/* Begin PBXNativeTarget section */
		276DB6011CB54610000659BD /* Project38 */ = {
			isa = PBXNativeTarget;
			buildConfigurationList = 276DB6161CB54610000659BD /* Build configuration list for PBXNativeTarget "Project38" */;
			buildPhases = (
				276DB5FE1CB54610000659BD /* Sources */,
				276DB5FF1CB54610000659BD /* Frameworks */,
				276DB6001CB54610000659BD /* Resources */,
				276DB6191CB54617000659BD /* Code Lint */,
			);
			buildRules = (
			);
			dependencies = (
			);
			name = Project38;
			productName = Project38;
			productReference = 276DB6021CB54610000659BD /* Project38.app */;
			productType = "com.apple.product-type.application";
		};
/* End PBXNativeTarget section */

/* Begin PBXProject section */
		276DB5FA1CB54610000659BD /* Project object */ = {
			isa = PBXProject;
			attributes = {
				LastSwiftUpdateCheck = 0730;
				LastUpgradeCheck = 0730;
				ORGANIZATIONNAME = Mike;
				TargetAttributes = {
					276DB6011CB54610000659BD = {
						CreatedOnToolsVersion = 7.3;
					};
				};
			};
			buildConfigurationList = 276DB5FD1CB54610000659BD /* Build configuration list for PBXProject "Project38" */;
			compatibilityVersion = "Xcode 3.2";
			developmentRegion = English;
			hasScannedForEncodings = 0;
			knownRegions = (
				en,
				Base,
			);
			mainGroup = 276DB5F91CB54610000659BD;
			productRefGroup = 276DB6031CB54610000659BD /* Products */;
			projectDirPath = "";
			projectRoot = "";
			targets = (
				276DB6011CB54610000659BD /* Project38 */,
			);
		};
/* End PBXProject section */

/* Begin PBXResourcesBuildPhase section */
		276DB6001CB54610000659BD /* Resources */ = {
			isa = PBXResourcesBuildPhase;
			buildActionMask = 2147483647;
			files = (
				276DB6121CB54610000659BD /* LaunchScreen.storyboard in Resources */,
				276DB60F1CB54610000659BD /* Assets.xcassets in Resources */,
				276DB60D1CB54610000659BD /* Main.storyboard in Resources */,
			);
			runOnlyForDeploymentPostprocessing = 0;
		};
/* End PBXResourcesBuildPhase section */

/* Begin PBXShellScriptBuildPhase section */
		276DB6191CB54617000659BD /* Code Lint */ = {
			isa = PBXShellScriptBuildPhase;
			buildActionMask = 2147483647;
			files = (
			);
			inputPaths = (
			);
			name = "Code Lint";
			outputPaths = (
			);
			runOnlyForDeploymentPostprocessing = 0;
			shellPath = /bin/sh;
			shellScript = "if which swiftlint >/dev/null; then\n    swiftlint lint --config \"${SRCROOT}/.swiftlint.yml\"\nelse\n    echo \"SwiftLint does not exist, download from https://github.com/realm/SwiftLint\"\nfi";
		};
/* End PBXShellScriptBuildPhase section */

/* Begin PBXSourcesBuildPhase section */
		276DB5FE1CB54610000659BD /* Sources */ = {
			isa = PBXSourcesBuildPhase;
			buildActionMask = 2147483647;
			files = (
				276DB60A1CB54610000659BD /* DetailViewController.swift in Sources */,
				276DB6201CB551BA000659BD /* Project38.xcdatamodeld in Sources */,
				276DB6081CB54610000659BD /* MasterViewController.swift in Sources */,
				276DB6061CB54610000659BD /* AppDelegate.swift in Sources */,
				276DB61D1CB549AA000659BD /* SwiftyJSON.swift in Sources */,
			);
			runOnlyForDeploymentPostprocessing = 0;
		};
/* End PBXSourcesBuildPhase section */

/* Begin PBXVariantGroup section */
		276DB60B1CB54610000659BD /* Main.storyboard */ = {
			isa = PBXVariantGroup;
			children = (
				276DB60C1CB54610000659BD /* Base */,
			);
			name = Main.storyboard;
			sourceTree = "<group>";
		};
		276DB6101CB54610000659BD /* LaunchScreen.storyboard */ = {
			isa = PBXVariantGroup;
			children = (
				276DB6111CB54610000659BD /* Base */,
			);
			name = LaunchScreen.storyboard;
			sourceTree = "<group>";
		};
/* End PBXVariantGroup section */

/* Begin XCBuildConfiguration section */
		276DB6141CB54610000659BD /* Debug */ = {
			isa = XCBuildConfiguration;
			buildSettings = {
				ALWAYS_SEARCH_USER_PATHS = NO;
				CLANG_ANALYZER_NONNULL = YES;
				CLANG_CXX_LANGUAGE_STANDARD = "gnu++0x";
				CLANG_CXX_LIBRARY = "libc++";
				CLANG_ENABLE_MODULES = YES;
				CLANG_ENABLE_OBJC_ARC = YES;
				CLANG_WARN_BOOL_CONVERSION = YES;
				CLANG_WARN_CONSTANT_CONVERSION = YES;
				CLANG_WARN_DIRECT_OBJC_ISA_USAGE = YES_ERROR;
				CLANG_WARN_EMPTY_BODY = YES;
				CLANG_WARN_ENUM_CONVERSION = YES;
				CLANG_WARN_INT_CONVERSION = YES;
				CLANG_WARN_OBJC_ROOT_CLASS = YES_ERROR;
				CLANG_WARN_UNREACHABLE_CODE = YES;
				CLANG_WARN__DUPLICATE_METHOD_MATCH = YES;
				"CODE_SIGN_IDENTITY[sdk=iphoneos*]" = "iPhone Developer";
				COPY_PHASE_STRIP = NO;
				DEBUG_INFORMATION_FORMAT = dwarf;
				ENABLE_STRICT_OBJC_MSGSEND = YES;
				ENABLE_TESTABILITY = YES;
				GCC_C_LANGUAGE_STANDARD = gnu99;
				GCC_DYNAMIC_NO_PIC = NO;
				GCC_NO_COMMON_BLOCKS = YES;
				GCC_OPTIMIZATION_LEVEL = 0;
				GCC_PREPROCESSOR_DEFINITIONS = (
					"DEBUG=1",
					"$(inherited)",
				);
				GCC_WARN_64_TO_32_BIT_CONVERSION = YES;
				GCC_WARN_ABOUT_RETURN_TYPE = YES_ERROR;
				GCC_WARN_UNDECLARED_SELECTOR = YES;
				GCC_WARN_UNINITIALIZED_AUTOS = YES_AGGRESSIVE;
				GCC_WARN_UNUSED_FUNCTION = YES;
				GCC_WARN_UNUSED_VARIABLE = YES;
				IPHONEOS_DEPLOYMENT_TARGET = 9.3;
				MTL_ENABLE_DEBUG_INFO = YES;
				ONLY_ACTIVE_ARCH = YES;
				SDKROOT = iphoneos;
				SWIFT_OPTIMIZATION_LEVEL = "-Onone";
				TARGETED_DEVICE_FAMILY = "1,2";
			};
			name = Debug;
		};
		276DB6151CB54610000659BD /* Release */ = {
			isa = XCBuildConfiguration;
			buildSettings = {
				ALWAYS_SEARCH_USER_PATHS = NO;
				CLANG_ANALYZER_NONNULL = YES;
				CLANG_CXX_LANGUAGE_STANDARD = "gnu++0x";
				CLANG_CXX_LIBRARY = "libc++";
				CLANG_ENABLE_MODULES = YES;
				CLANG_ENABLE_OBJC_ARC = YES;
				CLANG_WARN_BOOL_CONVERSION = YES;
				CLANG_WARN_CONSTANT_CONVERSION = YES;
				CLANG_WARN_DIRECT_OBJC_ISA_USAGE = YES_ERROR;
				CLANG_WARN_EMPTY_BODY = YES;
				CLANG_WARN_ENUM_CONVERSION = YES;
				CLANG_WARN_INT_CONVERSION = YES;
				CLANG_WARN_OBJC_ROOT_CLASS = YES_ERROR;
				CLANG_WARN_UNREACHABLE_CODE = YES;
				CLANG_WARN__DUPLICATE_METHOD_MATCH = YES;
				"CODE_SIGN_IDENTITY[sdk=iphoneos*]" = "iPhone Developer";
				COPY_PHASE_STRIP = NO;
				DEBUG_INFORMATION_FORMAT = "dwarf-with-dsym";
				ENABLE_NS_ASSERTIONS = NO;
				ENABLE_STRICT_OBJC_MSGSEND = YES;
				GCC_C_LANGUAGE_STANDARD = gnu99;
				GCC_NO_COMMON_BLOCKS = YES;
				GCC_WARN_64_TO_32_BIT_CONVERSION = YES;
				GCC_WARN_ABOUT_RETURN_TYPE = YES_ERROR;
				GCC_WARN_UNDECLARED_SELECTOR = YES;
				GCC_WARN_UNINITIALIZED_AUTOS = YES_AGGRESSIVE;
				GCC_WARN_UNUSED_FUNCTION = YES;
				GCC_WARN_UNUSED_VARIABLE = YES;
				IPHONEOS_DEPLOYMENT_TARGET = 9.3;
				MTL_ENABLE_DEBUG_INFO = NO;
				SDKROOT = iphoneos;
				TARGETED_DEVICE_FAMILY = "1,2";
				VALIDATE_PRODUCT = YES;
			};
			name = Release;
		};
		276DB6171CB54610000659BD /* Debug */ = {
			isa = XCBuildConfiguration;
			buildSettings = {
				ASSETCATALOG_COMPILER_APPICON_NAME = AppIcon;
				INFOPLIST_FILE = Project38/Info.plist;
				LD_RUNPATH_SEARCH_PATHS = "$(inherited) @executable_path/Frameworks";
				PRODUCT_BUNDLE_IDENTIFIER = com.mountaintrackapps.Project38;
				PRODUCT_NAME = "$(TARGET_NAME)";
			};
			name = Debug;
		};
		276DB6181CB54610000659BD /* Release */ = {
			isa = XCBuildConfiguration;
			buildSettings = {
				ASSETCATALOG_COMPILER_APPICON_NAME = AppIcon;
				INFOPLIST_FILE = Project38/Info.plist;
				LD_RUNPATH_SEARCH_PATHS = "$(inherited) @executable_path/Frameworks";
				PRODUCT_BUNDLE_IDENTIFIER = com.mountaintrackapps.Project38;
				PRODUCT_NAME = "$(TARGET_NAME)";
			};
			name = Release;
		};
/* End XCBuildConfiguration section */

/* Begin XCConfigurationList section */
		276DB5FD1CB54610000659BD /* Build configuration list for PBXProject "Project38" */ = {
			isa = XCConfigurationList;
			buildConfigurations = (
				276DB6141CB54610000659BD /* Debug */,
				276DB6151CB54610000659BD /* Release */,
			);
			defaultConfigurationIsVisible = 0;
			defaultConfigurationName = Release;
		};
		276DB6161CB54610000659BD /* Build configuration list for PBXNativeTarget "Project38" */ = {
			isa = XCConfigurationList;
			buildConfigurations = (
				276DB6171CB54610000659BD /* Debug */,
				276DB6181CB54610000659BD /* Release */,
			);
			defaultConfigurationIsVisible = 0;
		};
/* End XCConfigurationList section */

/* Begin XCVersionGroup section */
		276DB61E1CB551BA000659BD /* Project38.xcdatamodeld */ = {
			isa = XCVersionGroup;
			children = (
				276DB61F1CB551BA000659BD /* Project38.xcdatamodel */,
			);
			currentVersion = 276DB61F1CB551BA000659BD /* Project38.xcdatamodel */;
			path = Project38.xcdatamodeld;
			sourceTree = "<group>";
			versionGroupType = wrapper.xcdatamodel;
		};
/* End XCVersionGroup section */
	};
	rootObject = 276DB5FA1CB54610000659BD /* Project object */;
}
