// !$*UTF8*$!
{
	archiveVersion = 1;
	classes = {
	};
	objectVersion = 46;
	objects = {

/* Begin PBXBuildFile section */
		275331F51C44841C000C7ADF /* AppDelegate.swift in Sources */ = {isa = PBXBuildFile; fileRef = 275331F41C44841C000C7ADF /* AppDelegate.swift */; };
		275331F71C44841C000C7ADF /* ViewController.swift in Sources */ = {isa = PBXBuildFile; fileRef = 275331F61C44841C000C7ADF /* ViewController.swift */; };
		275331FA1C44841C000C7ADF /* Main.storyboard in Resources */ = {isa = PBXBuildFile; fileRef = 275331F81C44841C000C7ADF /* Main.storyboard */; };
		275331FC1C44841C000C7ADF /* Assets.xcassets in Resources */ = {isa = PBXBuildFile; fileRef = 275331FB1C44841C000C7ADF /* Assets.xcassets */; };
		275331FF1C44841C000C7ADF /* LaunchScreen.storyboard in Resources */ = {isa = PBXBuildFile; fileRef = 275331FD1C44841C000C7ADF /* LaunchScreen.storyboard */; };
		275332081C4485D0000C7ADF /* MapKit.framework in Frameworks */ = {isa = PBXBuildFile; fileRef = 275332071C4485D0000C7ADF /* MapKit.framework */; };
		2753320A1C4486FF000C7ADF /* Capital.swift in Sources */ = {isa = PBXBuildFile; fileRef = 275332091C4486FF000C7ADF /* Capital.swift */; };
/* End PBXBuildFile section */

/* Begin PBXFileReference section */
		275331F11C44841C000C7ADF /* Project19.app */ = {isa = PBXFileReference; explicitFileType = wrapper.application; includeInIndex = 0; path = Project19.app; sourceTree = BUILT_PRODUCTS_DIR; };
		275331F41C44841C000C7ADF /* AppDelegate.swift */ = {isa = PBXFileReference; lastKnownFileType = sourcecode.swift; path = AppDelegate.swift; sourceTree = "<group>"; };
		275331F61C44841C000C7ADF /* ViewController.swift */ = {isa = PBXFileReference; lastKnownFileType = sourcecode.swift; path = ViewController.swift; sourceTree = "<group>"; };
		275331F91C44841C000C7ADF /* Base */ = {isa = PBXFileReference; lastKnownFileType = file.storyboard; name = Base; path = Base.lproj/Main.storyboard; sourceTree = "<group>"; };
		275331FB1C44841C000C7ADF /* Assets.xcassets */ = {isa = PBXFileReference; lastKnownFileType = folder.assetcatalog; path = Assets.xcassets; sourceTree = "<group>"; };
		275331FE1C44841C000C7ADF /* Base */ = {isa = PBXFileReference; lastKnownFileType = file.storyboard; name = Base; path = Base.lproj/LaunchScreen.storyboard; sourceTree = "<group>"; };
		275332001C44841C000C7ADF /* Info.plist */ = {isa = PBXFileReference; lastKnownFileType = text.plist.xml; path = Info.plist; sourceTree = "<group>"; };
		275332071C4485D0000C7ADF /* MapKit.framework */ = {isa = PBXFileReference; lastKnownFileType = wrapper.framework; name = MapKit.framework; path = System/Library/Frameworks/MapKit.framework; sourceTree = SDKROOT; };
		275332091C4486FF000C7ADF /* Capital.swift */ = {isa = PBXFileReference; fileEncoding = 4; lastKnownFileType = sourcecode.swift; path = Capital.swift; sourceTree = "<group>"; };
/* End PBXFileReference section */

/* Begin PBXFrameworksBuildPhase section */
		275331EE1C44841C000C7ADF /* Frameworks */ = {
			isa = PBXFrameworksBuildPhase;
			buildActionMask = 2147483647;
			files = (
				275332081C4485D0000C7ADF /* MapKit.framework in Frameworks */,
			);
			runOnlyForDeploymentPostprocessing = 0;
		};
/* End PBXFrameworksBuildPhase section */

/* Begin PBXGroup section */
		275331E81C44841C000C7ADF = {
			isa = PBXGroup;
			children = (
				275332071C4485D0000C7ADF /* MapKit.framework */,
				275331F31C44841C000C7ADF /* Project19 */,
				275331F21C44841C000C7ADF /* Products */,
			);
			sourceTree = "<group>";
		};
		275331F21C44841C000C7ADF /* Products */ = {
			isa = PBXGroup;
			children = (
				275331F11C44841C000C7ADF /* Project19.app */,
			);
			name = Products;
			sourceTree = "<group>";
		};
		275331F31C44841C000C7ADF /* Project19 */ = {
			isa = PBXGroup;
			children = (
				275332091C4486FF000C7ADF /* Capital.swift */,
				275331F41C44841C000C7ADF /* AppDelegate.swift */,
				275331F61C44841C000C7ADF /* ViewController.swift */,
				275331F81C44841C000C7ADF /* Main.storyboard */,
				275331FB1C44841C000C7ADF /* Assets.xcassets */,
				275331FD1C44841C000C7ADF /* LaunchScreen.storyboard */,
				275332001C44841C000C7ADF /* Info.plist */,
			);
			path = Project19;
			sourceTree = "<group>";
		};
/* End PBXGroup section */

/* Begin PBXNativeTarget section */
		275331F01C44841C000C7ADF /* Project19 */ = {
			isa = PBXNativeTarget;
			buildConfigurationList = 275332031C44841C000C7ADF /* Build configuration list for PBXNativeTarget "Project19" */;
			buildPhases = (
				275331ED1C44841C000C7ADF /* Sources */,
				275331EE1C44841C000C7ADF /* Frameworks */,
				275331EF1C44841C000C7ADF /* Resources */,
				275332061C448430000C7ADF /* ShellScript */,
			);
			buildRules = (
			);
			dependencies = (
			);
			name = Project19;
			productName = Project19;
			productReference = 275331F11C44841C000C7ADF /* Project19.app */;
			productType = "com.apple.product-type.application";
		};
/* End PBXNativeTarget section */

/* Begin PBXProject section */
		275331E91C44841C000C7ADF /* Project object */ = {
			isa = PBXProject;
			attributes = {
				LastSwiftUpdateCheck = 0720;
				LastUpgradeCheck = 0720;
				ORGANIZATIONNAME = Mike;
				TargetAttributes = {
					275331F01C44841C000C7ADF = {
						CreatedOnToolsVersion = 7.2;
						DevelopmentTeam = 4GWKTXTE7P;
						SystemCapabilities = {
							com.apple.Maps.iOS = {
								enabled = 1;
							};
						};
					};
				};
			};
			buildConfigurationList = 275331EC1C44841C000C7ADF /* Build configuration list for PBXProject "Project19" */;
			compatibilityVersion = "Xcode 3.2";
			developmentRegion = English;
			hasScannedForEncodings = 0;
			knownRegions = (
				en,
				Base,
			);
			mainGroup = 275331E81C44841C000C7ADF;
			productRefGroup = 275331F21C44841C000C7ADF /* Products */;
			projectDirPath = "";
			projectRoot = "";
			targets = (
				275331F01C44841C000C7ADF /* Project19 */,
			);
		};
/* End PBXProject section */

/* Begin PBXResourcesBuildPhase section */
		275331EF1C44841C000C7ADF /* Resources */ = {
			isa = PBXResourcesBuildPhase;
			buildActionMask = 2147483647;
			files = (
				275331FF1C44841C000C7ADF /* LaunchScreen.storyboard in Resources */,
				275331FC1C44841C000C7ADF /* Assets.xcassets in Resources */,
				275331FA1C44841C000C7ADF /* Main.storyboard in Resources */,
			);
			runOnlyForDeploymentPostprocessing = 0;
		};
/* End PBXResourcesBuildPhase section */

/* Begin PBXShellScriptBuildPhase section */
		275332061C448430000C7ADF /* ShellScript */ = {
			isa = PBXShellScriptBuildPhase;
			buildActionMask = 2147483647;
			files = (
			);
			inputPaths = (
			);
			outputPaths = (
			);
			runOnlyForDeploymentPostprocessing = 0;
			shellPath = /bin/sh;
			shellScript = "if which swiftlint >/dev/null; then\n    swiftlint lint --config \"${SRCROOT}/.swiftlint.yml\"\nelse\n    echo \"SwiftLint does not exist, download from https://github.com/realm/SwiftLint\"\nfi";
		};
/* End PBXShellScriptBuildPhase section */

/* Begin PBXSourcesBuildPhase section */
		275331ED1C44841C000C7ADF /* Sources */ = {
			isa = PBXSourcesBuildPhase;
			buildActionMask = 2147483647;
			files = (
				275331F71C44841C000C7ADF /* ViewController.swift in Sources */,
				275331F51C44841C000C7ADF /* AppDelegate.swift in Sources */,
				2753320A1C4486FF000C7ADF /* Capital.swift in Sources */,
			);
			runOnlyForDeploymentPostprocessing = 0;
		};
/* End PBXSourcesBuildPhase section */

/* Begin PBXVariantGroup section */
		275331F81C44841C000C7ADF /* Main.storyboard */ = {
			isa = PBXVariantGroup;
			children = (
				275331F91C44841C000C7ADF /* Base */,
			);
			name = Main.storyboard;
			sourceTree = "<group>";
		};
		275331FD1C44841C000C7ADF /* LaunchScreen.storyboard */ = {
			isa = PBXVariantGroup;
			children = (
				275331FE1C44841C000C7ADF /* Base */,
			);
			name = LaunchScreen.storyboard;
			sourceTree = "<group>";
		};
/* End PBXVariantGroup section */

/* Begin XCBuildConfiguration section */
		275332011C44841C000C7ADF /* Debug */ = {
			isa = XCBuildConfiguration;
			buildSettings = {
				ALWAYS_SEARCH_USER_PATHS = NO;
				CLANG_CXX_LANGUAGE_STANDARD = "gnu++0x";
				CLANG_CXX_LIBRARY = "libc++";
				CLANG_ENABLE_MODULES = YES;
				CLANG_ENABLE_OBJC_ARC = YES;
				CLANG_WARN_BOOL_CONVERSION = YES;
				CLANG_WARN_CONSTANT_CONVERSION = YES;
				CLANG_WARN_DIRECT_OBJC_ISA_USAGE = YES_ERROR;
				CLANG_WARN_EMPTY_BODY = YES;
				CLANG_WARN_ENUM_CONVERSION = YES;
				CLANG_WARN_INT_CONVERSION = YES;
				CLANG_WARN_OBJC_ROOT_CLASS = YES_ERROR;
				CLANG_WARN_UNREACHABLE_CODE = YES;
				CLANG_WARN__DUPLICATE_METHOD_MATCH = YES;
				"CODE_SIGN_IDENTITY[sdk=iphoneos*]" = "iPhone Developer";
				COPY_PHASE_STRIP = NO;
				DEBUG_INFORMATION_FORMAT = dwarf;
				ENABLE_STRICT_OBJC_MSGSEND = YES;
				ENABLE_TESTABILITY = YES;
				GCC_C_LANGUAGE_STANDARD = gnu99;
				GCC_DYNAMIC_NO_PIC = NO;
				GCC_NO_COMMON_BLOCKS = YES;
				GCC_OPTIMIZATION_LEVEL = 0;
				GCC_PREPROCESSOR_DEFINITIONS = (
					"DEBUG=1",
					"$(inherited)",
				);
				GCC_WARN_64_TO_32_BIT_CONVERSION = YES;
				GCC_WARN_ABOUT_RETURN_TYPE = YES_ERROR;
				GCC_WARN_UNDECLARED_SELECTOR = YES;
				GCC_WARN_UNINITIALIZED_AUTOS = YES_AGGRESSIVE;
				GCC_WARN_UNUSED_FUNCTION = YES;
				GCC_WARN_UNUSED_VARIABLE = YES;
				IPHONEOS_DEPLOYMENT_TARGET = 9.2;
				MTL_ENABLE_DEBUG_INFO = YES;
				ONLY_ACTIVE_ARCH = YES;
				SDKROOT = iphoneos;
				SWIFT_OPTIMIZATION_LEVEL = "-Onone";
			};
			name = Debug;
		};
		275332021C44841C000C7ADF /* Release */ = {
			isa = XCBuildConfiguration;
			buildSettings = {
				ALWAYS_SEARCH_USER_PATHS = NO;
				CLANG_CXX_LANGUAGE_STANDARD = "gnu++0x";
				CLANG_CXX_LIBRARY = "libc++";
				CLANG_ENABLE_MODULES = YES;
				CLANG_ENABLE_OBJC_ARC = YES;
				CLANG_WARN_BOOL_CONVERSION = YES;
				CLANG_WARN_CONSTANT_CONVERSION = YES;
				CLANG_WARN_DIRECT_OBJC_ISA_USAGE = YES_ERROR;
				CLANG_WARN_EMPTY_BODY = YES;
				CLANG_WARN_ENUM_CONVERSION = YES;
				CLANG_WARN_INT_CONVERSION = YES;
				CLANG_WARN_OBJC_ROOT_CLASS = YES_ERROR;
				CLANG_WARN_UNREACHABLE_CODE = YES;
				CLANG_WARN__DUPLICATE_METHOD_MATCH = YES;
				"CODE_SIGN_IDENTITY[sdk=iphoneos*]" = "iPhone Developer";
				COPY_PHASE_STRIP = NO;
				DEBUG_INFORMATION_FORMAT = "dwarf-with-dsym";
				ENABLE_NS_ASSERTIONS = NO;
				ENABLE_STRICT_OBJC_MSGSEND = YES;
				GCC_C_LANGUAGE_STANDARD = gnu99;
				GCC_NO_COMMON_BLOCKS = YES;
				GCC_WARN_64_TO_32_BIT_CONVERSION = YES;
				GCC_WARN_ABOUT_RETURN_TYPE = YES_ERROR;
				GCC_WARN_UNDECLARED_SELECTOR = YES;
				GCC_WARN_UNINITIALIZED_AUTOS = YES_AGGRESSIVE;
				GCC_WARN_UNUSED_FUNCTION = YES;
				GCC_WARN_UNUSED_VARIABLE = YES;
				IPHONEOS_DEPLOYMENT_TARGET = 9.2;
				MTL_ENABLE_DEBUG_INFO = NO;
				SDKROOT = iphoneos;
				VALIDATE_PRODUCT = YES;
			};
			name = Release;
		};
		275332041C44841C000C7ADF /* Debug */ = {
			isa = XCBuildConfiguration;
			buildSettings = {
				ASSETCATALOG_COMPILER_APPICON_NAME = AppIcon;
				INFOPLIST_FILE = Project19/Info.plist;
				LD_RUNPATH_SEARCH_PATHS = "$(inherited) @executable_path/Frameworks";
				PRODUCT_BUNDLE_IDENTIFIER = com.mountaintrackapps.Project19;
				PRODUCT_NAME = "$(TARGET_NAME)";
			};
			name = Debug;
		};
		275332051C44841C000C7ADF /* Release */ = {
			isa = XCBuildConfiguration;
			buildSettings = {
				ASSETCATALOG_COMPILER_APPICON_NAME = AppIcon;
				INFOPLIST_FILE = Project19/Info.plist;
				LD_RUNPATH_SEARCH_PATHS = "$(inherited) @executable_path/Frameworks";
				PRODUCT_BUNDLE_IDENTIFIER = com.mountaintrackapps.Project19;
				PRODUCT_NAME = "$(TARGET_NAME)";
			};
			name = Release;
		};
/* End XCBuildConfiguration section */

/* Begin XCConfigurationList section */
		275331EC1C44841C000C7ADF /* Build configuration list for PBXProject "Project19" */ = {
			isa = XCConfigurationList;
			buildConfigurations = (
				275332011C44841C000C7ADF /* Debug */,
				275332021C44841C000C7ADF /* Release */,
			);
			defaultConfigurationIsVisible = 0;
			defaultConfigurationName = Release;
		};
		275332031C44841C000C7ADF /* Build configuration list for PBXNativeTarget "Project19" */ = {
			isa = XCConfigurationList;
			buildConfigurations = (
				275332041C44841C000C7ADF /* Debug */,
				275332051C44841C000C7ADF /* Release */,
			);
			defaultConfigurationIsVisible = 0;
		};
/* End XCConfigurationList section */
	};
	rootObject = 275331E91C44841C000C7ADF /* Project object */;
}
