// !$*UTF8*$!
{
	archiveVersion = 1;
	classes = {
	};
	objectVersion = 46;
	objects = {

/* Begin PBXBuildFile section */
		270A8D9A1C2849A400C338CE /* AppDelegate.swift in Sources */ = {isa = PBXBuildFile; fileRef = 270A8D991C2849A400C338CE /* AppDelegate.swift */; };
		270A8D9C1C2849A400C338CE /* ViewController.swift in Sources */ = {isa = PBXBuildFile; fileRef = 270A8D9B1C2849A400C338CE /* ViewController.swift */; };
		270A8D9F1C2849A400C338CE /* Main.storyboard in Resources */ = {isa = PBXBuildFile; fileRef = 270A8D9D1C2849A400C338CE /* Main.storyboard */; };
		270A8DA11C2849A400C338CE /* Assets.xcassets in Resources */ = {isa = PBXBuildFile; fileRef = 270A8DA01C2849A400C338CE /* Assets.xcassets */; };
		270A8DA41C2849A400C338CE /* LaunchScreen.storyboard in Resources */ = {isa = PBXBuildFile; fileRef = 270A8DA21C2849A400C338CE /* LaunchScreen.storyboard */; };
		27DFF0571C298EEB0057D317 /* RoundRectButton.swift in Sources */ = {isa = PBXBuildFile; fileRef = 27DFF0561C298EEB0057D317 /* RoundRectButton.swift */; };
/* End PBXBuildFile section */

/* Begin PBXFileReference section */
		270A8D961C2849A400C338CE /* Project13.app */ = {isa = PBXFileReference; explicitFileType = wrapper.application; includeInIndex = 0; path = Project13.app; sourceTree = BUILT_PRODUCTS_DIR; };
		270A8D991C2849A400C338CE /* AppDelegate.swift */ = {isa = PBXFileReference; lastKnownFileType = sourcecode.swift; path = AppDelegate.swift; sourceTree = "<group>"; };
		270A8D9B1C2849A400C338CE /* ViewController.swift */ = {isa = PBXFileReference; lastKnownFileType = sourcecode.swift; path = ViewController.swift; sourceTree = "<group>"; };
		270A8D9E1C2849A400C338CE /* Base */ = {isa = PBXFileReference; lastKnownFileType = file.storyboard; name = Base; path = Base.lproj/Main.storyboard; sourceTree = "<group>"; };
		270A8DA01C2849A400C338CE /* Assets.xcassets */ = {isa = PBXFileReference; lastKnownFileType = folder.assetcatalog; path = Assets.xcassets; sourceTree = "<group>"; };
		270A8DA31C2849A400C338CE /* Base */ = {isa = PBXFileReference; lastKnownFileType = file.storyboard; name = Base; path = Base.lproj/LaunchScreen.storyboard; sourceTree = "<group>"; };
		270A8DA51C2849A400C338CE /* Info.plist */ = {isa = PBXFileReference; lastKnownFileType = text.plist.xml; path = Info.plist; sourceTree = "<group>"; };
		27DFF0561C298EEB0057D317 /* RoundRectButton.swift */ = {isa = PBXFileReference; fileEncoding = 4; lastKnownFileType = sourcecode.swift; path = RoundRectButton.swift; sourceTree = "<group>"; };
/* End PBXFileReference section */

/* Begin PBXFrameworksBuildPhase section */
		270A8D931C2849A400C338CE /* Frameworks */ = {
			isa = PBXFrameworksBuildPhase;
			buildActionMask = 2147483647;
			files = (
			);
			runOnlyForDeploymentPostprocessing = 0;
		};
/* End PBXFrameworksBuildPhase section */

/* Begin PBXGroup section */
		270A8D8D1C2849A400C338CE = {
			isa = PBXGroup;
			children = (
				270A8D981C2849A400C338CE /* Project13 */,
				270A8D971C2849A400C338CE /* Products */,
			);
			sourceTree = "<group>";
		};
		270A8D971C2849A400C338CE /* Products */ = {
			isa = PBXGroup;
			children = (
				270A8D961C2849A400C338CE /* Project13.app */,
			);
			name = Products;
			sourceTree = "<group>";
		};
		270A8D981C2849A400C338CE /* Project13 */ = {
			isa = PBXGroup;
			children = (
				270A8D991C2849A400C338CE /* AppDelegate.swift */,
				270A8D9B1C2849A400C338CE /* ViewController.swift */,
				270A8D9D1C2849A400C338CE /* Main.storyboard */,
				270A8DA01C2849A400C338CE /* Assets.xcassets */,
				270A8DA21C2849A400C338CE /* LaunchScreen.storyboard */,
				270A8DA51C2849A400C338CE /* Info.plist */,
				27DFF0561C298EEB0057D317 /* RoundRectButton.swift */,
			);
			path = Project13;
			sourceTree = "<group>";
		};
/* End PBXGroup section */

/* Begin PBXNativeTarget section */
		270A8D951C2849A400C338CE /* Project13 */ = {
			isa = PBXNativeTarget;
			buildConfigurationList = 270A8DA81C2849A400C338CE /* Build configuration list for PBXNativeTarget "Project13" */;
			buildPhases = (
				270A8D921C2849A400C338CE /* Sources */,
				270A8D931C2849A400C338CE /* Frameworks */,
				270A8D941C2849A400C338CE /* Resources */,
				270A8DAB1C2849B500C338CE /* ShellScript */,
			);
			buildRules = (
			);
			dependencies = (
			);
			name = Project13;
			productName = Project13;
			productReference = 270A8D961C2849A400C338CE /* Project13.app */;
			productType = "com.apple.product-type.application";
		};
/* End PBXNativeTarget section */

/* Begin PBXProject section */
		270A8D8E1C2849A400C338CE /* Project object */ = {
			isa = PBXProject;
			attributes = {
				LastSwiftUpdateCheck = 0720;
				LastUpgradeCheck = 0720;
				ORGANIZATIONNAME = Mike;
				TargetAttributes = {
					270A8D951C2849A400C338CE = {
						CreatedOnToolsVersion = 7.2;
						DevelopmentTeam = 4GWKTXTE7P;
					};
				};
			};
			buildConfigurationList = 270A8D911C2849A400C338CE /* Build configuration list for PBXProject "Project13" */;
			compatibilityVersion = "Xcode 3.2";
			developmentRegion = English;
			hasScannedForEncodings = 0;
			knownRegions = (
				en,
				Base,
			);
			mainGroup = 270A8D8D1C2849A400C338CE;
			productRefGroup = 270A8D971C2849A400C338CE /* Products */;
			projectDirPath = "";
			projectRoot = "";
			targets = (
				270A8D951C2849A400C338CE /* Project13 */,
			);
		};
/* End PBXProject section */

/* Begin PBXResourcesBuildPhase section */
		270A8D941C2849A400C338CE /* Resources */ = {
			isa = PBXResourcesBuildPhase;
			buildActionMask = 2147483647;
			files = (
				270A8DA41C2849A400C338CE /* LaunchScreen.storyboard in Resources */,
				270A8DA11C2849A400C338CE /* Assets.xcassets in Resources */,
				270A8D9F1C2849A400C338CE /* Main.storyboard in Resources */,
			);
			runOnlyForDeploymentPostprocessing = 0;
		};
/* End PBXResourcesBuildPhase section */

/* Begin PBXShellScriptBuildPhase section */
		270A8DAB1C2849B500C338CE /* ShellScript */ = {
			isa = PBXShellScriptBuildPhase;
			buildActionMask = 2147483647;
			files = (
			);
			inputPaths = (
			);
			outputPaths = (
			);
			runOnlyForDeploymentPostprocessing = 0;
			shellPath = /bin/sh;
			shellScript = "if which swiftlint >/dev/null; then\n    swiftlint\nelse\n    echo \"SwiftLint does not exist, download from https://github.com/realm/SwiftLint\"\nfi";
		};
/* End PBXShellScriptBuildPhase section */

/* Begin PBXSourcesBuildPhase section */
		270A8D921C2849A400C338CE /* Sources */ = {
			isa = PBXSourcesBuildPhase;
			buildActionMask = 2147483647;
			files = (
				270A8D9C1C2849A400C338CE /* ViewController.swift in Sources */,
				27DFF0571C298EEB0057D317 /* RoundRectButton.swift in Sources */,
				270A8D9A1C2849A400C338CE /* AppDelegate.swift in Sources */,
			);
			runOnlyForDeploymentPostprocessing = 0;
		};
/* End PBXSourcesBuildPhase section */

/* Begin PBXVariantGroup section */
		270A8D9D1C2849A400C338CE /* Main.storyboard */ = {
			isa = PBXVariantGroup;
			children = (
				270A8D9E1C2849A400C338CE /* Base */,
			);
			name = Main.storyboard;
			sourceTree = "<group>";
		};
		270A8DA21C2849A400C338CE /* LaunchScreen.storyboard */ = {
			isa = PBXVariantGroup;
			children = (
				270A8DA31C2849A400C338CE /* Base */,
			);
			name = LaunchScreen.storyboard;
			sourceTree = "<group>";
		};
/* End PBXVariantGroup section */

/* Begin XCBuildConfiguration section */
		270A8DA61C2849A400C338CE /* Debug */ = {
			isa = XCBuildConfiguration;
			buildSettings = {
				ALWAYS_SEARCH_USER_PATHS = NO;
				CLANG_CXX_LANGUAGE_STANDARD = "gnu++0x";
				CLANG_CXX_LIBRARY = "libc++";
				CLANG_ENABLE_MODULES = YES;
				CLANG_ENABLE_OBJC_ARC = YES;
				CLANG_WARN_BOOL_CONVERSION = YES;
				CLANG_WARN_CONSTANT_CONVERSION = YES;
				CLANG_WARN_DIRECT_OBJC_ISA_USAGE = YES_ERROR;
				CLANG_WARN_EMPTY_BODY = YES;
				CLANG_WARN_ENUM_CONVERSION = YES;
				CLANG_WARN_INT_CONVERSION = YES;
				CLANG_WARN_OBJC_ROOT_CLASS = YES_ERROR;
				CLANG_WARN_UNREACHABLE_CODE = YES;
				CLANG_WARN__DUPLICATE_METHOD_MATCH = YES;
				"CODE_SIGN_IDENTITY[sdk=iphoneos*]" = "iPhone Developer";
				COPY_PHASE_STRIP = NO;
				DEBUG_INFORMATION_FORMAT = dwarf;
				ENABLE_STRICT_OBJC_MSGSEND = YES;
				ENABLE_TESTABILITY = YES;
				GCC_C_LANGUAGE_STANDARD = gnu99;
				GCC_DYNAMIC_NO_PIC = NO;
				GCC_NO_COMMON_BLOCKS = YES;
				GCC_OPTIMIZATION_LEVEL = 0;
				GCC_PREPROCESSOR_DEFINITIONS = (
					"DEBUG=1",
					"$(inherited)",
				);
				GCC_WARN_64_TO_32_BIT_CONVERSION = YES;
				GCC_WARN_ABOUT_RETURN_TYPE = YES_ERROR;
				GCC_WARN_UNDECLARED_SELECTOR = YES;
				GCC_WARN_UNINITIALIZED_AUTOS = YES_AGGRESSIVE;
				GCC_WARN_UNUSED_FUNCTION = YES;
				GCC_WARN_UNUSED_VARIABLE = YES;
				IPHONEOS_DEPLOYMENT_TARGET = 9.2;
				MTL_ENABLE_DEBUG_INFO = YES;
				ONLY_ACTIVE_ARCH = YES;
				SDKROOT = iphoneos;
				SWIFT_OPTIMIZATION_LEVEL = "-Onone";
				TARGETED_DEVICE_FAMILY = "1,2";
			};
			name = Debug;
		};
		270A8DA71C2849A400C338CE /* Release */ = {
			isa = XCBuildConfiguration;
			buildSettings = {
				ALWAYS_SEARCH_USER_PATHS = NO;
				CLANG_CXX_LANGUAGE_STANDARD = "gnu++0x";
				CLANG_CXX_LIBRARY = "libc++";
				CLANG_ENABLE_MODULES = YES;
				CLANG_ENABLE_OBJC_ARC = YES;
				CLANG_WARN_BOOL_CONVERSION = YES;
				CLANG_WARN_CONSTANT_CONVERSION = YES;
				CLANG_WARN_DIRECT_OBJC_ISA_USAGE = YES_ERROR;
				CLANG_WARN_EMPTY_BODY = YES;
				CLANG_WARN_ENUM_CONVERSION = YES;
				CLANG_WARN_INT_CONVERSION = YES;
				CLANG_WARN_OBJC_ROOT_CLASS = YES_ERROR;
				CLANG_WARN_UNREACHABLE_CODE = YES;
				CLANG_WARN__DUPLICATE_METHOD_MATCH = YES;
				"CODE_SIGN_IDENTITY[sdk=iphoneos*]" = "iPhone Developer";
				COPY_PHASE_STRIP = NO;
				DEBUG_INFORMATION_FORMAT = "dwarf-with-dsym";
				ENABLE_NS_ASSERTIONS = NO;
				ENABLE_STRICT_OBJC_MSGSEND = YES;
				GCC_C_LANGUAGE_STANDARD = gnu99;
				GCC_NO_COMMON_BLOCKS = YES;
				GCC_WARN_64_TO_32_BIT_CONVERSION = YES;
				GCC_WARN_ABOUT_RETURN_TYPE = YES_ERROR;
				GCC_WARN_UNDECLARED_SELECTOR = YES;
				GCC_WARN_UNINITIALIZED_AUTOS = YES_AGGRESSIVE;
				GCC_WARN_UNUSED_FUNCTION = YES;
				GCC_WARN_UNUSED_VARIABLE = YES;
				IPHONEOS_DEPLOYMENT_TARGET = 9.2;
				MTL_ENABLE_DEBUG_INFO = NO;
				SDKROOT = iphoneos;
				TARGETED_DEVICE_FAMILY = "1,2";
				VALIDATE_PRODUCT = YES;
			};
			name = Release;
		};
		270A8DA91C2849A400C338CE /* Debug */ = {
			isa = XCBuildConfiguration;
			buildSettings = {
				ASSETCATALOG_COMPILER_APPICON_NAME = AppIcon;
				INFOPLIST_FILE = Project13/Info.plist;
				LD_RUNPATH_SEARCH_PATHS = "$(inherited) @executable_path/Frameworks";
				PRODUCT_BUNDLE_IDENTIFIER = com.mountaintrackapps.Project13;
				PRODUCT_NAME = "$(TARGET_NAME)";
			};
			name = Debug;
		};
		270A8DAA1C2849A400C338CE /* Release */ = {
			isa = XCBuildConfiguration;
			buildSettings = {
				ASSETCATALOG_COMPILER_APPICON_NAME = AppIcon;
				INFOPLIST_FILE = Project13/Info.plist;
				LD_RUNPATH_SEARCH_PATHS = "$(inherited) @executable_path/Frameworks";
				PRODUCT_BUNDLE_IDENTIFIER = com.mountaintrackapps.Project13;
				PRODUCT_NAME = "$(TARGET_NAME)";
			};
			name = Release;
		};
/* End XCBuildConfiguration section */

/* Begin XCConfigurationList section */
		270A8D911C2849A400C338CE /* Build configuration list for PBXProject "Project13" */ = {
			isa = XCConfigurationList;
			buildConfigurations = (
				270A8DA61C2849A400C338CE /* Debug */,
				270A8DA71C2849A400C338CE /* Release */,
			);
			defaultConfigurationIsVisible = 0;
			defaultConfigurationName = Release;
		};
		270A8DA81C2849A400C338CE /* Build configuration list for PBXNativeTarget "Project13" */ = {
			isa = XCConfigurationList;
			buildConfigurations = (
				270A8DA91C2849A400C338CE /* Debug */,
				270A8DAA1C2849A400C338CE /* Release */,
			);
			defaultConfigurationIsVisible = 0;
			defaultConfigurationName = Release;
		};
/* End XCConfigurationList section */
	};
	rootObject = 270A8D8E1C2849A400C338CE /* Project object */;
}
