// !$*UTF8*$!
{
	archiveVersion = 1;
	classes = {
	};
	objectVersion = 46;
	objects = {

/* Begin PBXBuildFile section */
		2785B2191CA316C8007E3C79 /* AppDelegate.swift in Sources */ = {isa = PBXBuildFile; fileRef = 2785B2181CA316C8007E3C79 /* AppDelegate.swift */; };
		2785B21B1CA316C8007E3C79 /* MasterViewController.swift in Sources */ = {isa = PBXBuildFile; fileRef = 2785B21A1CA316C8007E3C79 /* MasterViewController.swift */; };
		2785B2201CA316C8007E3C79 /* Main.storyboard in Resources */ = {isa = PBXBuildFile; fileRef = 2785B21E1CA316C8007E3C79 /* Main.storyboard */; };
		2785B2221CA316C8007E3C79 /* Assets.xcassets in Resources */ = {isa = PBXBuildFile; fileRef = 2785B2211CA316C8007E3C79 /* Assets.xcassets */; };
		2785B2251CA316C8007E3C79 /* LaunchScreen.storyboard in Resources */ = {isa = PBXBuildFile; fileRef = 2785B2231CA316C8007E3C79 /* LaunchScreen.storyboard */; };
/* End PBXBuildFile section */

/* Begin PBXFileReference section */
		2785B2151CA316C8007E3C79 /* Project32.app */ = {isa = PBXFileReference; explicitFileType = wrapper.application; includeInIndex = 0; path = Project32.app; sourceTree = BUILT_PRODUCTS_DIR; };
		2785B2181CA316C8007E3C79 /* AppDelegate.swift */ = {isa = PBXFileReference; lastKnownFileType = sourcecode.swift; path = AppDelegate.swift; sourceTree = "<group>"; };
		2785B21A1CA316C8007E3C79 /* MasterViewController.swift */ = {isa = PBXFileReference; lastKnownFileType = sourcecode.swift; path = MasterViewController.swift; sourceTree = "<group>"; };
		2785B21F1CA316C8007E3C79 /* Base */ = {isa = PBXFileReference; lastKnownFileType = file.storyboard; name = Base; path = Base.lproj/Main.storyboard; sourceTree = "<group>"; };
		2785B2211CA316C8007E3C79 /* Assets.xcassets */ = {isa = PBXFileReference; lastKnownFileType = folder.assetcatalog; path = Assets.xcassets; sourceTree = "<group>"; };
		2785B2241CA316C8007E3C79 /* Base */ = {isa = PBXFileReference; lastKnownFileType = file.storyboard; name = Base; path = Base.lproj/LaunchScreen.storyboard; sourceTree = "<group>"; };
		2785B2261CA316C8007E3C79 /* Info.plist */ = {isa = PBXFileReference; lastKnownFileType = text.plist.xml; path = Info.plist; sourceTree = "<group>"; };
/* End PBXFileReference section */

/* Begin PBXFrameworksBuildPhase section */
		2785B2121CA316C8007E3C79 /* Frameworks */ = {
			isa = PBXFrameworksBuildPhase;
			buildActionMask = 2147483647;
			files = (
			);
			runOnlyForDeploymentPostprocessing = 0;
		};
/* End PBXFrameworksBuildPhase section */

/* Begin PBXGroup section */
		2785B20C1CA316C8007E3C79 = {
			isa = PBXGroup;
			children = (
				2785B2171CA316C8007E3C79 /* Project32 */,
				2785B2161CA316C8007E3C79 /* Products */,
			);
			sourceTree = "<group>";
		};
		2785B2161CA316C8007E3C79 /* Products */ = {
			isa = PBXGroup;
			children = (
				2785B2151CA316C8007E3C79 /* Project32.app */,
			);
			name = Products;
			sourceTree = "<group>";
		};
		2785B2171CA316C8007E3C79 /* Project32 */ = {
			isa = PBXGroup;
			children = (
				2785B2181CA316C8007E3C79 /* AppDelegate.swift */,
				2785B21A1CA316C8007E3C79 /* MasterViewController.swift */,
				2785B21E1CA316C8007E3C79 /* Main.storyboard */,
				2785B2211CA316C8007E3C79 /* Assets.xcassets */,
				2785B2231CA316C8007E3C79 /* LaunchScreen.storyboard */,
				2785B2261CA316C8007E3C79 /* Info.plist */,
			);
			path = Project32;
			sourceTree = "<group>";
		};
/* End PBXGroup section */

/* Begin PBXNativeTarget section */
		2785B2141CA316C8007E3C79 /* Project32 */ = {
			isa = PBXNativeTarget;
			buildConfigurationList = 2785B2291CA316C8007E3C79 /* Build configuration list for PBXNativeTarget "Project32" */;
			buildPhases = (
				2785B2111CA316C8007E3C79 /* Sources */,
				2785B2121CA316C8007E3C79 /* Frameworks */,
				2785B2131CA316C8007E3C79 /* Resources */,
				2785B22C1CA316E4007E3C79 /* ShellScript */,
			);
			buildRules = (
			);
			dependencies = (
			);
			name = Project32;
			productName = Project32;
			productReference = 2785B2151CA316C8007E3C79 /* Project32.app */;
			productType = "com.apple.product-type.application";
		};
/* End PBXNativeTarget section */

/* Begin PBXProject section */
		2785B20D1CA316C8007E3C79 /* Project object */ = {
			isa = PBXProject;
			attributes = {
				LastSwiftUpdateCheck = 0730;
				LastUpgradeCheck = 0730;
				ORGANIZATIONNAME = Mike;
				TargetAttributes = {
					2785B2141CA316C8007E3C79 = {
						CreatedOnToolsVersion = 7.3;
						DevelopmentTeam = 4GWKTXTE7P;
					};
				};
			};
			buildConfigurationList = 2785B2101CA316C8007E3C79 /* Build configuration list for PBXProject "Project32" */;
			compatibilityVersion = "Xcode 3.2";
			developmentRegion = English;
			hasScannedForEncodings = 0;
			knownRegions = (
				en,
				Base,
			);
			mainGroup = 2785B20C1CA316C8007E3C79;
			productRefGroup = 2785B2161CA316C8007E3C79 /* Products */;
			projectDirPath = "";
			projectRoot = "";
			targets = (
				2785B2141CA316C8007E3C79 /* Project32 */,
			);
		};
/* End PBXProject section */

/* Begin PBXResourcesBuildPhase section */
		2785B2131CA316C8007E3C79 /* Resources */ = {
			isa = PBXResourcesBuildPhase;
			buildActionMask = 2147483647;
			files = (
				2785B2251CA316C8007E3C79 /* LaunchScreen.storyboard in Resources */,
				2785B2221CA316C8007E3C79 /* Assets.xcassets in Resources */,
				2785B2201CA316C8007E3C79 /* Main.storyboard in Resources */,
			);
			runOnlyForDeploymentPostprocessing = 0;
		};
/* End PBXResourcesBuildPhase section */

/* Begin PBXShellScriptBuildPhase section */
		2785B22C1CA316E4007E3C79 /* ShellScript */ = {
			isa = PBXShellScriptBuildPhase;
			buildActionMask = 2147483647;
			files = (
			);
			inputPaths = (
			);
			outputPaths = (
			);
			runOnlyForDeploymentPostprocessing = 0;
			shellPath = /bin/sh;
			shellScript = "if which swiftlint >/dev/null; then\n    swiftlint lint --config \"${SRCROOT}/.swiftlint.yml\"\nelse\n    echo \"SwiftLint does not exist, download from https://github.com/realm/SwiftLint\"\nfi";
		};
/* End PBXShellScriptBuildPhase section */

/* Begin PBXSourcesBuildPhase section */
		2785B2111CA316C8007E3C79 /* Sources */ = {
			isa = PBXSourcesBuildPhase;
			buildActionMask = 2147483647;
			files = (
				2785B21B1CA316C8007E3C79 /* MasterViewController.swift in Sources */,
				2785B2191CA316C8007E3C79 /* AppDelegate.swift in Sources */,
			);
			runOnlyForDeploymentPostprocessing = 0;
		};
/* End PBXSourcesBuildPhase section */

/* Begin PBXVariantGroup section */
		2785B21E1CA316C8007E3C79 /* Main.storyboard */ = {
			isa = PBXVariantGroup;
			children = (
				2785B21F1CA316C8007E3C79 /* Base */,
			);
			name = Main.storyboard;
			sourceTree = "<group>";
		};
		2785B2231CA316C8007E3C79 /* LaunchScreen.storyboard */ = {
			isa = PBXVariantGroup;
			children = (
				2785B2241CA316C8007E3C79 /* Base */,
			);
			name = LaunchScreen.storyboard;
			sourceTree = "<group>";
		};
/* End PBXVariantGroup section */

/* Begin XCBuildConfiguration section */
		2785B2271CA316C8007E3C79 /* Debug */ = {
			isa = XCBuildConfiguration;
			buildSettings = {
				ALWAYS_SEARCH_USER_PATHS = NO;
				CLANG_ANALYZER_NONNULL = YES;
				CLANG_CXX_LANGUAGE_STANDARD = "gnu++0x";
				CLANG_CXX_LIBRARY = "libc++";
				CLANG_ENABLE_MODULES = YES;
				CLANG_ENABLE_OBJC_ARC = YES;
				CLANG_WARN_BOOL_CONVERSION = YES;
				CLANG_WARN_CONSTANT_CONVERSION = YES;
				CLANG_WARN_DIRECT_OBJC_ISA_USAGE = YES_ERROR;
				CLANG_WARN_EMPTY_BODY = YES;
				CLANG_WARN_ENUM_CONVERSION = YES;
				CLANG_WARN_INT_CONVERSION = YES;
				CLANG_WARN_OBJC_ROOT_CLASS = YES_ERROR;
				CLANG_WARN_UNREACHABLE_CODE = YES;
				CLANG_WARN__DUPLICATE_METHOD_MATCH = YES;
				"CODE_SIGN_IDENTITY[sdk=iphoneos*]" = "iPhone Developer";
				COPY_PHASE_STRIP = NO;
				DEBUG_INFORMATION_FORMAT = dwarf;
				ENABLE_STRICT_OBJC_MSGSEND = YES;
				ENABLE_TESTABILITY = YES;
				GCC_C_LANGUAGE_STANDARD = gnu99;
				GCC_DYNAMIC_NO_PIC = NO;
				GCC_NO_COMMON_BLOCKS = YES;
				GCC_OPTIMIZATION_LEVEL = 0;
				GCC_PREPROCESSOR_DEFINITIONS = (
					"DEBUG=1",
					"$(inherited)",
				);
				GCC_WARN_64_TO_32_BIT_CONVERSION = YES;
				GCC_WARN_ABOUT_RETURN_TYPE = YES_ERROR;
				GCC_WARN_UNDECLARED_SELECTOR = YES;
				GCC_WARN_UNINITIALIZED_AUTOS = YES_AGGRESSIVE;
				GCC_WARN_UNUSED_FUNCTION = YES;
				GCC_WARN_UNUSED_VARIABLE = YES;
				IPHONEOS_DEPLOYMENT_TARGET = 9.3;
				MTL_ENABLE_DEBUG_INFO = YES;
				ONLY_ACTIVE_ARCH = YES;
				SDKROOT = iphoneos;
				SWIFT_OPTIMIZATION_LEVEL = "-Onone";
			};
			name = Debug;
		};
		2785B2281CA316C8007E3C79 /* Release */ = {
			isa = XCBuildConfiguration;
			buildSettings = {
				ALWAYS_SEARCH_USER_PATHS = NO;
				CLANG_ANALYZER_NONNULL = YES;
				CLANG_CXX_LANGUAGE_STANDARD = "gnu++0x";
				CLANG_CXX_LIBRARY = "libc++";
				CLANG_ENABLE_MODULES = YES;
				CLANG_ENABLE_OBJC_ARC = YES;
				CLANG_WARN_BOOL_CONVERSION = YES;
				CLANG_WARN_CONSTANT_CONVERSION = YES;
				CLANG_WARN_DIRECT_OBJC_ISA_USAGE = YES_ERROR;
				CLANG_WARN_EMPTY_BODY = YES;
				CLANG_WARN_ENUM_CONVERSION = YES;
				CLANG_WARN_INT_CONVERSION = YES;
				CLANG_WARN_OBJC_ROOT_CLASS = YES_ERROR;
				CLANG_WARN_UNREACHABLE_CODE = YES;
				CLANG_WARN__DUPLICATE_METHOD_MATCH = YES;
				"CODE_SIGN_IDENTITY[sdk=iphoneos*]" = "iPhone Developer";
				COPY_PHASE_STRIP = NO;
				DEBUG_INFORMATION_FORMAT = "dwarf-with-dsym";
				ENABLE_NS_ASSERTIONS = NO;
				ENABLE_STRICT_OBJC_MSGSEND = YES;
				GCC_C_LANGUAGE_STANDARD = gnu99;
				GCC_NO_COMMON_BLOCKS = YES;
				GCC_WARN_64_TO_32_BIT_CONVERSION = YES;
				GCC_WARN_ABOUT_RETURN_TYPE = YES_ERROR;
				GCC_WARN_UNDECLARED_SELECTOR = YES;
				GCC_WARN_UNINITIALIZED_AUTOS = YES_AGGRESSIVE;
				GCC_WARN_UNUSED_FUNCTION = YES;
				GCC_WARN_UNUSED_VARIABLE = YES;
				IPHONEOS_DEPLOYMENT_TARGET = 9.3;
				MTL_ENABLE_DEBUG_INFO = NO;
				SDKROOT = iphoneos;
				VALIDATE_PRODUCT = YES;
			};
			name = Release;
		};
		2785B22A1CA316C8007E3C79 /* Debug */ = {
			isa = XCBuildConfiguration;
			buildSettings = {
				ASSETCATALOG_COMPILER_APPICON_NAME = AppIcon;
				INFOPLIST_FILE = Project32/Info.plist;
				LD_RUNPATH_SEARCH_PATHS = "$(inherited) @executable_path/Frameworks";
				PRODUCT_BUNDLE_IDENTIFIER = com.mountaintrackapps.Project32;
				PRODUCT_NAME = "$(TARGET_NAME)";
			};
			name = Debug;
		};
		2785B22B1CA316C8007E3C79 /* Release */ = {
			isa = XCBuildConfiguration;
			buildSettings = {
				ASSETCATALOG_COMPILER_APPICON_NAME = AppIcon;
				INFOPLIST_FILE = Project32/Info.plist;
				LD_RUNPATH_SEARCH_PATHS = "$(inherited) @executable_path/Frameworks";
				PRODUCT_BUNDLE_IDENTIFIER = com.mountaintrackapps.Project32;
				PRODUCT_NAME = "$(TARGET_NAME)";
			};
			name = Release;
		};
/* End XCBuildConfiguration section */

/* Begin XCConfigurationList section */
		2785B2101CA316C8007E3C79 /* Build configuration list for PBXProject "Project32" */ = {
			isa = XCConfigurationList;
			buildConfigurations = (
				2785B2271CA316C8007E3C79 /* Debug */,
				2785B2281CA316C8007E3C79 /* Release */,
			);
			defaultConfigurationIsVisible = 0;
			defaultConfigurationName = Release;
		};
		2785B2291CA316C8007E3C79 /* Build configuration list for PBXNativeTarget "Project32" */ = {
			isa = XCConfigurationList;
			buildConfigurations = (
				2785B22A1CA316C8007E3C79 /* Debug */,
				2785B22B1CA316C8007E3C79 /* Release */,
			);
			defaultConfigurationIsVisible = 0;
		};
/* End XCConfigurationList section */
	};
	rootObject = 2785B20D1CA316C8007E3C79 /* Project object */;
}
