// !$*UTF8*$!
{
	archiveVersion = 1;
	classes = {
	};
	objectVersion = 46;
	objects = {

/* Begin PBXBuildFile section */
		2773E7D01C95ED7C00AF7CD2 /* AppDelegate.swift in Sources */ = {isa = PBXBuildFile; fileRef = 2773E7CF1C95ED7C00AF7CD2 /* AppDelegate.swift */; };
		2773E7D21C95ED7C00AF7CD2 /* ViewController.swift in Sources */ = {isa = PBXBuildFile; fileRef = 2773E7D11C95ED7C00AF7CD2 /* ViewController.swift */; };
		2773E7D51C95ED7C00AF7CD2 /* Main.storyboard in Resources */ = {isa = PBXBuildFile; fileRef = 2773E7D31C95ED7C00AF7CD2 /* Main.storyboard */; };
		2773E7D71C95ED7C00AF7CD2 /* Assets.xcassets in Resources */ = {isa = PBXBuildFile; fileRef = 2773E7D61C95ED7C00AF7CD2 /* Assets.xcassets */; };
		2773E7DA1C95ED7C00AF7CD2 /* LaunchScreen.storyboard in Resources */ = {isa = PBXBuildFile; fileRef = 2773E7D81C95ED7C00AF7CD2 /* LaunchScreen.storyboard */; };
/* End PBXBuildFile section */

/* Begin PBXFileReference section */
		2773E7CC1C95ED7C00AF7CD2 /* Project25.app */ = {isa = PBXFileReference; explicitFileType = wrapper.application; includeInIndex = 0; path = Project25.app; sourceTree = BUILT_PRODUCTS_DIR; };
		2773E7CF1C95ED7C00AF7CD2 /* AppDelegate.swift */ = {isa = PBXFileReference; lastKnownFileType = sourcecode.swift; path = AppDelegate.swift; sourceTree = "<group>"; };
		2773E7D11C95ED7C00AF7CD2 /* ViewController.swift */ = {isa = PBXFileReference; lastKnownFileType = sourcecode.swift; path = ViewController.swift; sourceTree = "<group>"; };
		2773E7D41C95ED7C00AF7CD2 /* Base */ = {isa = PBXFileReference; lastKnownFileType = file.storyboard; name = Base; path = Base.lproj/Main.storyboard; sourceTree = "<group>"; };
		2773E7D61C95ED7C00AF7CD2 /* Assets.xcassets */ = {isa = PBXFileReference; lastKnownFileType = folder.assetcatalog; path = Assets.xcassets; sourceTree = "<group>"; };
		2773E7D91C95ED7C00AF7CD2 /* Base */ = {isa = PBXFileReference; lastKnownFileType = file.storyboard; name = Base; path = Base.lproj/LaunchScreen.storyboard; sourceTree = "<group>"; };
		2773E7DB1C95ED7C00AF7CD2 /* Info.plist */ = {isa = PBXFileReference; lastKnownFileType = text.plist.xml; path = Info.plist; sourceTree = "<group>"; };
/* End PBXFileReference section */

/* Begin PBXFrameworksBuildPhase section */
		2773E7C91C95ED7C00AF7CD2 /* Frameworks */ = {
			isa = PBXFrameworksBuildPhase;
			buildActionMask = 2147483647;
			files = (
			);
			runOnlyForDeploymentPostprocessing = 0;
		};
/* End PBXFrameworksBuildPhase section */

/* Begin PBXGroup section */
		2773E7C31C95ED7C00AF7CD2 = {
			isa = PBXGroup;
			children = (
				2773E7CE1C95ED7C00AF7CD2 /* Project25 */,
				2773E7CD1C95ED7C00AF7CD2 /* Products */,
			);
			sourceTree = "<group>";
		};
		2773E7CD1C95ED7C00AF7CD2 /* Products */ = {
			isa = PBXGroup;
			children = (
				2773E7CC1C95ED7C00AF7CD2 /* Project25.app */,
			);
			name = Products;
			sourceTree = "<group>";
		};
		2773E7CE1C95ED7C00AF7CD2 /* Project25 */ = {
			isa = PBXGroup;
			children = (
				2773E7CF1C95ED7C00AF7CD2 /* AppDelegate.swift */,
				2773E7D11C95ED7C00AF7CD2 /* ViewController.swift */,
				2773E7D31C95ED7C00AF7CD2 /* Main.storyboard */,
				2773E7D61C95ED7C00AF7CD2 /* Assets.xcassets */,
				2773E7D81C95ED7C00AF7CD2 /* LaunchScreen.storyboard */,
				2773E7DB1C95ED7C00AF7CD2 /* Info.plist */,
			);
			path = Project25;
			sourceTree = "<group>";
		};
/* End PBXGroup section */

/* Begin PBXNativeTarget section */
		2773E7CB1C95ED7C00AF7CD2 /* Project25 */ = {
			isa = PBXNativeTarget;
			buildConfigurationList = 2773E7DE1C95ED7C00AF7CD2 /* Build configuration list for PBXNativeTarget "Project25" */;
			buildPhases = (
				2773E7C81C95ED7C00AF7CD2 /* Sources */,
				2773E7C91C95ED7C00AF7CD2 /* Frameworks */,
				2773E7CA1C95ED7C00AF7CD2 /* Resources */,
				2773E7E11C95ED8600AF7CD2 /* ShellScript */,
			);
			buildRules = (
			);
			dependencies = (
			);
			name = Project25;
			productName = Project25;
			productReference = 2773E7CC1C95ED7C00AF7CD2 /* Project25.app */;
			productType = "com.apple.product-type.application";
		};
/* End PBXNativeTarget section */

/* Begin PBXProject section */
		2773E7C41C95ED7C00AF7CD2 /* Project object */ = {
			isa = PBXProject;
			attributes = {
				LastSwiftUpdateCheck = 0720;
				LastUpgradeCheck = 0720;
				ORGANIZATIONNAME = Mike;
				TargetAttributes = {
					2773E7CB1C95ED7C00AF7CD2 = {
						CreatedOnToolsVersion = 7.2.1;
						DevelopmentTeam = 4GWKTXTE7P;
					};
				};
			};
			buildConfigurationList = 2773E7C71C95ED7C00AF7CD2 /* Build configuration list for PBXProject "Project25" */;
			compatibilityVersion = "Xcode 3.2";
			developmentRegion = English;
			hasScannedForEncodings = 0;
			knownRegions = (
				en,
				Base,
			);
			mainGroup = 2773E7C31C95ED7C00AF7CD2;
			productRefGroup = 2773E7CD1C95ED7C00AF7CD2 /* Products */;
			projectDirPath = "";
			projectRoot = "";
			targets = (
				2773E7CB1C95ED7C00AF7CD2 /* Project25 */,
			);
		};
/* End PBXProject section */

/* Begin PBXResourcesBuildPhase section */
		2773E7CA1C95ED7C00AF7CD2 /* Resources */ = {
			isa = PBXResourcesBuildPhase;
			buildActionMask = 2147483647;
			files = (
				2773E7DA1C95ED7C00AF7CD2 /* LaunchScreen.storyboard in Resources */,
				2773E7D71C95ED7C00AF7CD2 /* Assets.xcassets in Resources */,
				2773E7D51C95ED7C00AF7CD2 /* Main.storyboard in Resources */,
			);
			runOnlyForDeploymentPostprocessing = 0;
		};
/* End PBXResourcesBuildPhase section */

/* Begin PBXShellScriptBuildPhase section */
		2773E7E11C95ED8600AF7CD2 /* ShellScript */ = {
			isa = PBXShellScriptBuildPhase;
			buildActionMask = 2147483647;
			files = (
			);
			inputPaths = (
			);
			outputPaths = (
			);
			runOnlyForDeploymentPostprocessing = 0;
			shellPath = /bin/sh;
			shellScript = "if which swiftlint >/dev/null; then\n    swiftlint\nelse\n    echo \"SwiftLint does not exist, download from https://github.com/realm/SwiftLint\"\nfi";
		};
/* End PBXShellScriptBuildPhase section */

/* Begin PBXSourcesBuildPhase section */
		2773E7C81C95ED7C00AF7CD2 /* Sources */ = {
			isa = PBXSourcesBuildPhase;
			buildActionMask = 2147483647;
			files = (
				2773E7D21C95ED7C00AF7CD2 /* ViewController.swift in Sources */,
				2773E7D01C95ED7C00AF7CD2 /* AppDelegate.swift in Sources */,
			);
			runOnlyForDeploymentPostprocessing = 0;
		};
/* End PBXSourcesBuildPhase section */

/* Begin PBXVariantGroup section */
		2773E7D31C95ED7C00AF7CD2 /* Main.storyboard */ = {
			isa = PBXVariantGroup;
			children = (
				2773E7D41C95ED7C00AF7CD2 /* Base */,
			);
			name = Main.storyboard;
			sourceTree = "<group>";
		};
		2773E7D81C95ED7C00AF7CD2 /* LaunchScreen.storyboard */ = {
			isa = PBXVariantGroup;
			children = (
				2773E7D91C95ED7C00AF7CD2 /* Base */,
			);
			name = LaunchScreen.storyboard;
			sourceTree = "<group>";
		};
/* End PBXVariantGroup section */

/* Begin XCBuildConfiguration section */
		2773E7DC1C95ED7C00AF7CD2 /* Debug */ = {
			isa = XCBuildConfiguration;
			buildSettings = {
				ALWAYS_SEARCH_USER_PATHS = NO;
				CLANG_CXX_LANGUAGE_STANDARD = "gnu++0x";
				CLANG_CXX_LIBRARY = "libc++";
				CLANG_ENABLE_MODULES = YES;
				CLANG_ENABLE_OBJC_ARC = YES;
				CLANG_WARN_BOOL_CONVERSION = YES;
				CLANG_WARN_CONSTANT_CONVERSION = YES;
				CLANG_WARN_DIRECT_OBJC_ISA_USAGE = YES_ERROR;
				CLANG_WARN_EMPTY_BODY = YES;
				CLANG_WARN_ENUM_CONVERSION = YES;
				CLANG_WARN_INT_CONVERSION = YES;
				CLANG_WARN_OBJC_ROOT_CLASS = YES_ERROR;
				CLANG_WARN_UNREACHABLE_CODE = YES;
				CLANG_WARN__DUPLICATE_METHOD_MATCH = YES;
				"CODE_SIGN_IDENTITY[sdk=iphoneos*]" = "iPhone Developer";
				COPY_PHASE_STRIP = NO;
				DEBUG_INFORMATION_FORMAT = dwarf;
				ENABLE_STRICT_OBJC_MSGSEND = YES;
				ENABLE_TESTABILITY = YES;
				GCC_C_LANGUAGE_STANDARD = gnu99;
				GCC_DYNAMIC_NO_PIC = NO;
				GCC_NO_COMMON_BLOCKS = YES;
				GCC_OPTIMIZATION_LEVEL = 0;
				GCC_PREPROCESSOR_DEFINITIONS = (
					"DEBUG=1",
					"$(inherited)",
				);
				GCC_WARN_64_TO_32_BIT_CONVERSION = YES;
				GCC_WARN_ABOUT_RETURN_TYPE = YES_ERROR;
				GCC_WARN_UNDECLARED_SELECTOR = YES;
				GCC_WARN_UNINITIALIZED_AUTOS = YES_AGGRESSIVE;
				GCC_WARN_UNUSED_FUNCTION = YES;
				GCC_WARN_UNUSED_VARIABLE = YES;
				IPHONEOS_DEPLOYMENT_TARGET = 9.2;
				MTL_ENABLE_DEBUG_INFO = YES;
				ONLY_ACTIVE_ARCH = YES;
				SDKROOT = iphoneos;
				SWIFT_OPTIMIZATION_LEVEL = "-Onone";
				TARGETED_DEVICE_FAMILY = 2;
			};
			name = Debug;
		};
		2773E7DD1C95ED7C00AF7CD2 /* Release */ = {
			isa = XCBuildConfiguration;
			buildSettings = {
				ALWAYS_SEARCH_USER_PATHS = NO;
				CLANG_CXX_LANGUAGE_STANDARD = "gnu++0x";
				CLANG_CXX_LIBRARY = "libc++";
				CLANG_ENABLE_MODULES = YES;
				CLANG_ENABLE_OBJC_ARC = YES;
				CLANG_WARN_BOOL_CONVERSION = YES;
				CLANG_WARN_CONSTANT_CONVERSION = YES;
				CLANG_WARN_DIRECT_OBJC_ISA_USAGE = YES_ERROR;
				CLANG_WARN_EMPTY_BODY = YES;
				CLANG_WARN_ENUM_CONVERSION = YES;
				CLANG_WARN_INT_CONVERSION = YES;
				CLANG_WARN_OBJC_ROOT_CLASS = YES_ERROR;
				CLANG_WARN_UNREACHABLE_CODE = YES;
				CLANG_WARN__DUPLICATE_METHOD_MATCH = YES;
				"CODE_SIGN_IDENTITY[sdk=iphoneos*]" = "iPhone Developer";
				COPY_PHASE_STRIP = NO;
				DEBUG_INFORMATION_FORMAT = "dwarf-with-dsym";
				ENABLE_NS_ASSERTIONS = NO;
				ENABLE_STRICT_OBJC_MSGSEND = YES;
				GCC_C_LANGUAGE_STANDARD = gnu99;
				GCC_NO_COMMON_BLOCKS = YES;
				GCC_WARN_64_TO_32_BIT_CONVERSION = YES;
				GCC_WARN_ABOUT_RETURN_TYPE = YES_ERROR;
				GCC_WARN_UNDECLARED_SELECTOR = YES;
				GCC_WARN_UNINITIALIZED_AUTOS = YES_AGGRESSIVE;
				GCC_WARN_UNUSED_FUNCTION = YES;
				GCC_WARN_UNUSED_VARIABLE = YES;
				IPHONEOS_DEPLOYMENT_TARGET = 9.2;
				MTL_ENABLE_DEBUG_INFO = NO;
				SDKROOT = iphoneos;
				TARGETED_DEVICE_FAMILY = 2;
				VALIDATE_PRODUCT = YES;
			};
			name = Release;
		};
		2773E7DF1C95ED7C00AF7CD2 /* Debug */ = {
			isa = XCBuildConfiguration;
			buildSettings = {
				ASSETCATALOG_COMPILER_APPICON_NAME = AppIcon;
				INFOPLIST_FILE = Project25/Info.plist;
				LD_RUNPATH_SEARCH_PATHS = "$(inherited) @executable_path/Frameworks";
				PRODUCT_BUNDLE_IDENTIFIER = com.mountaintrackapps.Project25;
				PRODUCT_NAME = "$(TARGET_NAME)";
				TARGETED_DEVICE_FAMILY = "1,2";
			};
			name = Debug;
		};
		2773E7E01C95ED7C00AF7CD2 /* Release */ = {
			isa = XCBuildConfiguration;
			buildSettings = {
				ASSETCATALOG_COMPILER_APPICON_NAME = AppIcon;
				INFOPLIST_FILE = Project25/Info.plist;
				LD_RUNPATH_SEARCH_PATHS = "$(inherited) @executable_path/Frameworks";
				PRODUCT_BUNDLE_IDENTIFIER = com.mountaintrackapps.Project25;
				PRODUCT_NAME = "$(TARGET_NAME)";
				TARGETED_DEVICE_FAMILY = "1,2";
			};
			name = Release;
		};
/* End XCBuildConfiguration section */

/* Begin XCConfigurationList section */
		2773E7C71C95ED7C00AF7CD2 /* Build configuration list for PBXProject "Project25" */ = {
			isa = XCConfigurationList;
			buildConfigurations = (
				2773E7DC1C95ED7C00AF7CD2 /* Debug */,
				2773E7DD1C95ED7C00AF7CD2 /* Release */,
			);
			defaultConfigurationIsVisible = 0;
			defaultConfigurationName = Release;
		};
		2773E7DE1C95ED7C00AF7CD2 /* Build configuration list for PBXNativeTarget "Project25" */ = {
			isa = XCConfigurationList;
			buildConfigurations = (
				2773E7DF1C95ED7C00AF7CD2 /* Debug */,
				2773E7E01C95ED7C00AF7CD2 /* Release */,
			);
			defaultConfigurationIsVisible = 0;
		};
/* End XCConfigurationList section */
	};
	rootObject = 2773E7C41C95ED7C00AF7CD2 /* Project object */;
}
