// !$*UTF8*$!
{
	archiveVersion = 1;
	classes = {
	};
	objectVersion = 46;
	objects = {

/* Begin PBXBuildFile section */
		272F1D291C43E0DF0006F1D3 /* AppDelegate.swift in Sources */ = {isa = PBXBuildFile; fileRef = 272F1D281C43E0DF0006F1D3 /* AppDelegate.swift */; };
		272F1D2B1C43E0DF0006F1D3 /* ViewController.swift in Sources */ = {isa = PBXBuildFile; fileRef = 272F1D2A1C43E0DF0006F1D3 /* ViewController.swift */; };
		272F1D2E1C43E0DF0006F1D3 /* Main.storyboard in Resources */ = {isa = PBXBuildFile; fileRef = 272F1D2C1C43E0DF0006F1D3 /* Main.storyboard */; };
		272F1D301C43E0DF0006F1D3 /* Assets.xcassets in Resources */ = {isa = PBXBuildFile; fileRef = 272F1D2F1C43E0DF0006F1D3 /* Assets.xcassets */; };
		272F1D331C43E0DF0006F1D3 /* LaunchScreen.storyboard in Resources */ = {isa = PBXBuildFile; fileRef = 272F1D311C43E0DF0006F1D3 /* LaunchScreen.storyboard */; };
/* End PBXBuildFile section */

/* Begin PBXFileReference section */
		272F1D251C43E0DF0006F1D3 /* Project18.app */ = {isa = PBXFileReference; explicitFileType = wrapper.application; includeInIndex = 0; path = Project18.app; sourceTree = BUILT_PRODUCTS_DIR; };
		272F1D281C43E0DF0006F1D3 /* AppDelegate.swift */ = {isa = PBXFileReference; lastKnownFileType = sourcecode.swift; path = AppDelegate.swift; sourceTree = "<group>"; };
		272F1D2A1C43E0DF0006F1D3 /* ViewController.swift */ = {isa = PBXFileReference; lastKnownFileType = sourcecode.swift; path = ViewController.swift; sourceTree = "<group>"; };
		272F1D2D1C43E0DF0006F1D3 /* Base */ = {isa = PBXFileReference; lastKnownFileType = file.storyboard; name = Base; path = Base.lproj/Main.storyboard; sourceTree = "<group>"; };
		272F1D2F1C43E0DF0006F1D3 /* Assets.xcassets */ = {isa = PBXFileReference; lastKnownFileType = folder.assetcatalog; path = Assets.xcassets; sourceTree = "<group>"; };
		272F1D321C43E0DF0006F1D3 /* Base */ = {isa = PBXFileReference; lastKnownFileType = file.storyboard; name = Base; path = Base.lproj/LaunchScreen.storyboard; sourceTree = "<group>"; };
		272F1D341C43E0DF0006F1D3 /* Info.plist */ = {isa = PBXFileReference; lastKnownFileType = text.plist.xml; path = Info.plist; sourceTree = "<group>"; };
/* End PBXFileReference section */

/* Begin PBXFrameworksBuildPhase section */
		272F1D221C43E0DF0006F1D3 /* Frameworks */ = {
			isa = PBXFrameworksBuildPhase;
			buildActionMask = 2147483647;
			files = (
			);
			runOnlyForDeploymentPostprocessing = 0;
		};
/* End PBXFrameworksBuildPhase section */

/* Begin PBXGroup section */
		272F1D1C1C43E0DF0006F1D3 = {
			isa = PBXGroup;
			children = (
				272F1D271C43E0DF0006F1D3 /* Project18 */,
				272F1D261C43E0DF0006F1D3 /* Products */,
			);
			sourceTree = "<group>";
		};
		272F1D261C43E0DF0006F1D3 /* Products */ = {
			isa = PBXGroup;
			children = (
				272F1D251C43E0DF0006F1D3 /* Project18.app */,
			);
			name = Products;
			sourceTree = "<group>";
		};
		272F1D271C43E0DF0006F1D3 /* Project18 */ = {
			isa = PBXGroup;
			children = (
				272F1D281C43E0DF0006F1D3 /* AppDelegate.swift */,
				272F1D2A1C43E0DF0006F1D3 /* ViewController.swift */,
				272F1D2C1C43E0DF0006F1D3 /* Main.storyboard */,
				272F1D2F1C43E0DF0006F1D3 /* Assets.xcassets */,
				272F1D311C43E0DF0006F1D3 /* LaunchScreen.storyboard */,
				272F1D341C43E0DF0006F1D3 /* Info.plist */,
			);
			path = Project18;
			sourceTree = "<group>";
		};
/* End PBXGroup section */

/* Begin PBXNativeTarget section */
		272F1D241C43E0DF0006F1D3 /* Project18 */ = {
			isa = PBXNativeTarget;
			buildConfigurationList = 272F1D371C43E0DF0006F1D3 /* Build configuration list for PBXNativeTarget "Project18" */;
			buildPhases = (
				272F1D211C43E0DF0006F1D3 /* Sources */,
				272F1D221C43E0DF0006F1D3 /* Frameworks */,
				272F1D231C43E0DF0006F1D3 /* Resources */,
				272F1D3A1C43E1100006F1D3 /* ShellScript */,
			);
			buildRules = (
			);
			dependencies = (
			);
			name = Project18;
			productName = Project18;
			productReference = 272F1D251C43E0DF0006F1D3 /* Project18.app */;
			productType = "com.apple.product-type.application";
		};
/* End PBXNativeTarget section */

/* Begin PBXProject section */
		272F1D1D1C43E0DF0006F1D3 /* Project object */ = {
			isa = PBXProject;
			attributes = {
				LastSwiftUpdateCheck = 0720;
				LastUpgradeCheck = 0720;
				ORGANIZATIONNAME = Mike;
				TargetAttributes = {
					272F1D241C43E0DF0006F1D3 = {
						CreatedOnToolsVersion = 7.2;
						DevelopmentTeam = 4GWKTXTE7P;
					};
				};
			};
			buildConfigurationList = 272F1D201C43E0DF0006F1D3 /* Build configuration list for PBXProject "Project18" */;
			compatibilityVersion = "Xcode 3.2";
			developmentRegion = English;
			hasScannedForEncodings = 0;
			knownRegions = (
				en,
				Base,
			);
			mainGroup = 272F1D1C1C43E0DF0006F1D3;
			productRefGroup = 272F1D261C43E0DF0006F1D3 /* Products */;
			projectDirPath = "";
			projectRoot = "";
			targets = (
				272F1D241C43E0DF0006F1D3 /* Project18 */,
			);
		};
/* End PBXProject section */

/* Begin PBXResourcesBuildPhase section */
		272F1D231C43E0DF0006F1D3 /* Resources */ = {
			isa = PBXResourcesBuildPhase;
			buildActionMask = 2147483647;
			files = (
				272F1D331C43E0DF0006F1D3 /* LaunchScreen.storyboard in Resources */,
				272F1D301C43E0DF0006F1D3 /* Assets.xcassets in Resources */,
				272F1D2E1C43E0DF0006F1D3 /* Main.storyboard in Resources */,
			);
			runOnlyForDeploymentPostprocessing = 0;
		};
/* End PBXResourcesBuildPhase section */

/* Begin PBXShellScriptBuildPhase section */
		272F1D3A1C43E1100006F1D3 /* ShellScript */ = {
			isa = PBXShellScriptBuildPhase;
			buildActionMask = 2147483647;
			files = (
			);
			inputPaths = (
			);
			outputPaths = (
			);
			runOnlyForDeploymentPostprocessing = 0;
			shellPath = /bin/sh;
			shellScript = "if which swiftlint >/dev/null; then\n    swiftlint lint --config \"${SRCROOT}/.swiftlint.yml\"\nelse\necho \"SwiftLint does not exist, download from https://github.com/realm/SwiftLint\"\nfi";
		};
/* End PBXShellScriptBuildPhase section */

/* Begin PBXSourcesBuildPhase section */
		272F1D211C43E0DF0006F1D3 /* Sources */ = {
			isa = PBXSourcesBuildPhase;
			buildActionMask = 2147483647;
			files = (
				272F1D2B1C43E0DF0006F1D3 /* ViewController.swift in Sources */,
				272F1D291C43E0DF0006F1D3 /* AppDelegate.swift in Sources */,
			);
			runOnlyForDeploymentPostprocessing = 0;
		};
/* End PBXSourcesBuildPhase section */

/* Begin PBXVariantGroup section */
		272F1D2C1C43E0DF0006F1D3 /* Main.storyboard */ = {
			isa = PBXVariantGroup;
			children = (
				272F1D2D1C43E0DF0006F1D3 /* Base */,
			);
			name = Main.storyboard;
			sourceTree = "<group>";
		};
		272F1D311C43E0DF0006F1D3 /* LaunchScreen.storyboard */ = {
			isa = PBXVariantGroup;
			children = (
				272F1D321C43E0DF0006F1D3 /* Base */,
			);
			name = LaunchScreen.storyboard;
			sourceTree = "<group>";
		};
/* End PBXVariantGroup section */

/* Begin XCBuildConfiguration section */
		272F1D351C43E0DF0006F1D3 /* Debug */ = {
			isa = XCBuildConfiguration;
			buildSettings = {
				ALWAYS_SEARCH_USER_PATHS = NO;
				CLANG_CXX_LANGUAGE_STANDARD = "gnu++0x";
				CLANG_CXX_LIBRARY = "libc++";
				CLANG_ENABLE_MODULES = YES;
				CLANG_ENABLE_OBJC_ARC = YES;
				CLANG_WARN_BOOL_CONVERSION = YES;
				CLANG_WARN_CONSTANT_CONVERSION = YES;
				CLANG_WARN_DIRECT_OBJC_ISA_USAGE = YES_ERROR;
				CLANG_WARN_EMPTY_BODY = YES;
				CLANG_WARN_ENUM_CONVERSION = YES;
				CLANG_WARN_INT_CONVERSION = YES;
				CLANG_WARN_OBJC_ROOT_CLASS = YES_ERROR;
				CLANG_WARN_UNREACHABLE_CODE = YES;
				CLANG_WARN__DUPLICATE_METHOD_MATCH = YES;
				"CODE_SIGN_IDENTITY[sdk=iphoneos*]" = "iPhone Developer";
				COPY_PHASE_STRIP = NO;
				DEBUG_INFORMATION_FORMAT = dwarf;
				ENABLE_STRICT_OBJC_MSGSEND = YES;
				ENABLE_TESTABILITY = YES;
				GCC_C_LANGUAGE_STANDARD = gnu99;
				GCC_DYNAMIC_NO_PIC = NO;
				GCC_NO_COMMON_BLOCKS = YES;
				GCC_OPTIMIZATION_LEVEL = 0;
				GCC_PREPROCESSOR_DEFINITIONS = (
					"DEBUG=1",
					"$(inherited)",
				);
				GCC_WARN_64_TO_32_BIT_CONVERSION = YES;
				GCC_WARN_ABOUT_RETURN_TYPE = YES_ERROR;
				GCC_WARN_UNDECLARED_SELECTOR = YES;
				GCC_WARN_UNINITIALIZED_AUTOS = YES_AGGRESSIVE;
				GCC_WARN_UNUSED_FUNCTION = YES;
				GCC_WARN_UNUSED_VARIABLE = YES;
				IPHONEOS_DEPLOYMENT_TARGET = 9.2;
				MTL_ENABLE_DEBUG_INFO = YES;
				ONLY_ACTIVE_ARCH = YES;
				SDKROOT = iphoneos;
				SWIFT_OPTIMIZATION_LEVEL = "-Onone";
			};
			name = Debug;
		};
		272F1D361C43E0DF0006F1D3 /* Release */ = {
			isa = XCBuildConfiguration;
			buildSettings = {
				ALWAYS_SEARCH_USER_PATHS = NO;
				CLANG_CXX_LANGUAGE_STANDARD = "gnu++0x";
				CLANG_CXX_LIBRARY = "libc++";
				CLANG_ENABLE_MODULES = YES;
				CLANG_ENABLE_OBJC_ARC = YES;
				CLANG_WARN_BOOL_CONVERSION = YES;
				CLANG_WARN_CONSTANT_CONVERSION = YES;
				CLANG_WARN_DIRECT_OBJC_ISA_USAGE = YES_ERROR;
				CLANG_WARN_EMPTY_BODY = YES;
				CLANG_WARN_ENUM_CONVERSION = YES;
				CLANG_WARN_INT_CONVERSION = YES;
				CLANG_WARN_OBJC_ROOT_CLASS = YES_ERROR;
				CLANG_WARN_UNREACHABLE_CODE = YES;
				CLANG_WARN__DUPLICATE_METHOD_MATCH = YES;
				"CODE_SIGN_IDENTITY[sdk=iphoneos*]" = "iPhone Developer";
				COPY_PHASE_STRIP = NO;
				DEBUG_INFORMATION_FORMAT = "dwarf-with-dsym";
				ENABLE_NS_ASSERTIONS = NO;
				ENABLE_STRICT_OBJC_MSGSEND = YES;
				GCC_C_LANGUAGE_STANDARD = gnu99;
				GCC_NO_COMMON_BLOCKS = YES;
				GCC_WARN_64_TO_32_BIT_CONVERSION = YES;
				GCC_WARN_ABOUT_RETURN_TYPE = YES_ERROR;
				GCC_WARN_UNDECLARED_SELECTOR = YES;
				GCC_WARN_UNINITIALIZED_AUTOS = YES_AGGRESSIVE;
				GCC_WARN_UNUSED_FUNCTION = YES;
				GCC_WARN_UNUSED_VARIABLE = YES;
				IPHONEOS_DEPLOYMENT_TARGET = 9.2;
				MTL_ENABLE_DEBUG_INFO = NO;
				SDKROOT = iphoneos;
				VALIDATE_PRODUCT = YES;
			};
			name = Release;
		};
		272F1D381C43E0DF0006F1D3 /* Debug */ = {
			isa = XCBuildConfiguration;
			buildSettings = {
				ASSETCATALOG_COMPILER_APPICON_NAME = AppIcon;
				INFOPLIST_FILE = Project18/Info.plist;
				LD_RUNPATH_SEARCH_PATHS = "$(inherited) @executable_path/Frameworks";
				PRODUCT_BUNDLE_IDENTIFIER = com.mountaintrackapps.Project18;
				PRODUCT_NAME = "$(TARGET_NAME)";
			};
			name = Debug;
		};
		272F1D391C43E0DF0006F1D3 /* Release */ = {
			isa = XCBuildConfiguration;
			buildSettings = {
				ASSETCATALOG_COMPILER_APPICON_NAME = AppIcon;
				INFOPLIST_FILE = Project18/Info.plist;
				LD_RUNPATH_SEARCH_PATHS = "$(inherited) @executable_path/Frameworks";
				PRODUCT_BUNDLE_IDENTIFIER = com.mountaintrackapps.Project18;
				PRODUCT_NAME = "$(TARGET_NAME)";
			};
			name = Release;
		};
/* End XCBuildConfiguration section */

/* Begin XCConfigurationList section */
		272F1D201C43E0DF0006F1D3 /* Build configuration list for PBXProject "Project18" */ = {
			isa = XCConfigurationList;
			buildConfigurations = (
				272F1D351C43E0DF0006F1D3 /* Debug */,
				272F1D361C43E0DF0006F1D3 /* Release */,
			);
			defaultConfigurationIsVisible = 0;
			defaultConfigurationName = Release;
		};
		272F1D371C43E0DF0006F1D3 /* Build configuration list for PBXNativeTarget "Project18" */ = {
			isa = XCConfigurationList;
			buildConfigurations = (
				272F1D381C43E0DF0006F1D3 /* Debug */,
				272F1D391C43E0DF0006F1D3 /* Release */,
			);
			defaultConfigurationIsVisible = 0;
		};
/* End XCConfigurationList section */
	};
	rootObject = 272F1D1D1C43E0DF0006F1D3 /* Project object */;
}
